
Microsoft Visual Studio Solution File, Format Version 12.00
# Visual Studio Version 16
VisualStudioVersion = 16.0.33130.400
MinimumVisualStudioVersion = 10.0.40219.1
Project("{FAE04EC0-301F-11D3-BF4B-00C04F79EFBC}") = "LoadBalancer", "LoadBalancer\LoadBalancer.csproj", "{1282C4CB-B651-4F5F-B77F-4BEB630FEBA3}"
EndProject
Global
	GlobalSection(SolutionConfigurationPlatforms) = preSolution
		Debug|Any CPU = Debug|Any CPU
		Release|Any CPU = Release|Any CPU
	EndGlobalSection
	GlobalSection(ProjectConfigurationPlatforms) = postSolution
		{1282C4CB-B651-4F5F-B77F-4BEB630FEBA3}.Debug|Any CPU.ActiveCfg = Debug|Any CPU
		{1282C4CB-B651-4F5F-B77F-4BEB630FEBA3}.Debug|Any CPU.Build.0 = Debug|Any CPU
		{1282C4CB-B651-4F5F-B77F-4BEB630FEBA3}.Release|Any CPU.ActiveCfg = Release|Any CPU
		{1282C4CB-B651-4F5F-B77F-4BEB630FEBA3}.Release|Any CPU.Build.0 = Release|Any CPU
	EndGlobalSection
	GlobalSection(SolutionProperties) = preSolution
		HideSolutionNode = FALSE
	EndGlobalSection
	GlobalSection(ExtensibilityGlobals) = postSolution
		SolutionGuid = {3E37B337-8AD2-4C32-A39E-3946C0CC5629}
	EndGlobalSection
EndGlobal
